github.com/zeroxoneafour/http-server v0.0.0-20220320023602-13e4f248c385 h1:uBEg3XNTUfE16IVHHCV1xVH/+g99xdbUW7+2bMnxnD4=
github.com/zeroxoneafour/http-server v0.0.0-20220320023602-13e4f248c385/go.mod h1:R0UpAetMbC68gZJjQvK4Bhml3jpOoOpmvHX10z5bY4Y=
github.com/zeroxoneafour/http-server v0.0.0-20220320024920-8f4203f815af h1:e/DP3dxtiwiX8effOrgWChF0fjUmETfB3/fAAA2H/nQ=
github.com/zeroxoneafour/http-server v0.0.0-20220320024920-8f4203f815af/go.mod h1:R0UpAetMbC68gZJjQvK4Bhml3jpOoOpmvHX10z5bY4Y=
github.com/zeroxoneafour/http-server v0.0.0-20220320033124-3ed4a06cca76 h1:T4Ng1Tx1RYRiFlkikn0aF8blr3NsmQ0+y80kcUQr9PA=
github.com/zeroxoneafour/http-server v0.0.0-20220320033124-3ed4a06cca76/go.mod h1:R0UpAetMbC68gZJjQvK4Bhml3jpOoOpmvHX10z5bY4Y=
